
Microsoft Visual Studio Solution File, Format Version 12.00
# Visual Studio Version 17
VisualStudioVersion = 17.13.35825.156
MinimumVisualStudioVersion = 10.0.40219.1
Project("{FAE04EC0-301F-11D3-BF4B-00C04F79EFBC}") = "View", "View\View.csproj", "{74C34EE4-E508-4048-9155-54DD96429197}"
EndProject
Project("{FAE04EC0-301F-11D3-BF4B-00C04F79EFBC}") = "BusinessLogicLayer", "BusinessLogicLayer\BusinessLogicLayer\BusinessLogicLayer.csproj", "{75BD58A8-2A71-008D-FA41-42B58BFBC83C}"
EndProject
Project("{FAE04EC0-301F-11D3-BF4B-00C04F79EFBC}") = "DataLayer", "DataLayer\DataLayer.csproj", "{5F34DEBC-35F9-488D-921F-C75A93858CFB}"
EndProject
Project("{FAE04EC0-301F-11D3-BF4B-00C04F79EFBC}") = "BusinessLogicLayesUnitTest", "BusinessLogicLayesUnitTest\BusinessLogicLayesUnitTest.csproj", "{280261DA-B191-4B29-8841-DD1C0177B47C}"
EndProject
Project("{FAE04EC0-301F-11D3-BF4B-00C04F79EFBC}") = "DataLayerUnitTests", "DataLayerUnitTests\DataLayerUnitTests.csproj", "{215A8F0A-0E17-4EF3-8FBB-DDB10CD8CD6F}"
EndProject
Global
	GlobalSection(SolutionConfigurationPlatforms) = preSolution
		Debug|Any CPU = Debug|Any CPU
		Release|Any CPU = Release|Any CPU
	EndGlobalSection
	GlobalSection(ProjectConfigurationPlatforms) = postSolution
		{74C34EE4-E508-4048-9155-54DD96429197}.Debug|Any CPU.ActiveCfg = Debug|Any CPU
		{74C34EE4-E508-4048-9155-54DD96429197}.Debug|Any CPU.Build.0 = Debug|Any CPU
		{74C34EE4-E508-4048-9155-54DD96429197}.Release|Any CPU.ActiveCfg = Release|Any CPU
		{74C34EE4-E508-4048-9155-54DD96429197}.Release|Any CPU.Build.0 = Release|Any CPU
		{75BD58A8-2A71-008D-FA41-42B58BFBC83C}.Debug|Any CPU.ActiveCfg = Debug|Any CPU
		{75BD58A8-2A71-008D-FA41-42B58BFBC83C}.Debug|Any CPU.Build.0 = Debug|Any CPU
		{75BD58A8-2A71-008D-FA41-42B58BFBC83C}.Release|Any CPU.ActiveCfg = Release|Any CPU
		{75BD58A8-2A71-008D-FA41-42B58BFBC83C}.Release|Any CPU.Build.0 = Release|Any CPU
		{5F34DEBC-35F9-488D-921F-C75A93858CFB}.Debug|Any CPU.ActiveCfg = Debug|Any CPU
		{5F34DEBC-35F9-488D-921F-C75A93858CFB}.Debug|Any CPU.Build.0 = Debug|Any CPU
		{5F34DEBC-35F9-488D-921F-C75A93858CFB}.Release|Any CPU.ActiveCfg = Release|Any CPU
		{5F34DEBC-35F9-488D-921F-C75A93858CFB}.Release|Any CPU.Build.0 = Release|Any CPU
		{280261DA-B191-4B29-8841-DD1C0177B47C}.Debug|Any CPU.ActiveCfg = Debug|Any CPU
		{280261DA-B191-4B29-8841-DD1C0177B47C}.Debug|Any CPU.Build.0 = Debug|Any CPU
		{280261DA-B191-4B29-8841-DD1C0177B47C}.Release|Any CPU.ActiveCfg = Release|Any CPU
		{280261DA-B191-4B29-8841-DD1C0177B47C}.Release|Any CPU.Build.0 = Release|Any CPU
		{215A8F0A-0E17-4EF3-8FBB-DDB10CD8CD6F}.Debug|Any CPU.ActiveCfg = Debug|Any CPU
		{215A8F0A-0E17-4EF3-8FBB-DDB10CD8CD6F}.Debug|Any CPU.Build.0 = Debug|Any CPU
		{215A8F0A-0E17-4EF3-8FBB-DDB10CD8CD6F}.Release|Any CPU.ActiveCfg = Release|Any CPU
		{215A8F0A-0E17-4EF3-8FBB-DDB10CD8CD6F}.Release|Any CPU.Build.0 = Release|Any CPU
	EndGlobalSection
	GlobalSection(SolutionProperties) = preSolution
		HideSolutionNode = FALSE
	EndGlobalSection
	GlobalSection(ExtensibilityGlobals) = postSolution
		SolutionGuid = {BD5DA66F-8DE1-4729-AF72-0085EE1A8EEE}
	EndGlobalSection
EndGlobal
